<?xml version="1.0" encoding="utf-8"?>
<Project ToolsVersion="4.0" xmlns="http://schemas.microsoft.com/developer/msbuild/2003">
  <ItemGroup>
    <Filter Include="Source Files">
      <UniqueIdentifier>{4FC737F1-C7A5-4376-A066-2A32D752A2FF}</UniqueIdentifier>
      <Extensions>cpp;c;cc;cxx;def;odl;idl;hpj;bat;asm;asmx</Extensions>
    </Filter>
    <Filter Include="Header Files">
      <UniqueIdentifier>{93995380-89BD-4b04-88EB-625FBE52EBFB}</UniqueIdentifier>
      <Extensions>h;hpp;hxx;hm;inl;inc;xsd</Extensions>
    </Filter>
    <Filter Include="Resource Files">
      <UniqueIdentifier>{67DA6AB6-F800-4c08-8B7A-83BB121AAD01}</UniqueIdentifier>
      <Extensions>rc;ico;cur;bmp;dlg;rc2;rct;bin;rgs;gif;jpg;jpeg;jpe;resx;tiff;tif;png;wav</Extensions>
    </Filter>
  </ItemGroup>
  <ItemGroup>
    <ClCompile Include="EdGame.cpp">
      <Filter>Source Files</Filter>
    </ClCompile>
    <ClCompile Include="EdSettings.cpp">
      <Filter>Source Files</Filter>
    </ClCompile>
    <ClCompile Include="FilterCopy.cpp">
      <Filter>Source Files</Filter>
    </ClCompile>
    <ClCompile Include="FilterExclude.cpp">
      <Filter>Source Files</Filter>
    </ClCompile>
    <ClCompile Include="FilterScript.cpp">
      <Filter>Source Files</Filter>
    </ClCompile>
    <ClCompile Include="FilterUncompressed.cpp">
      <Filter>Source Files</Filter>
    </ClCompile>
    <ClCompile Include="NumEncoder.cpp">
      <Filter>Source Files</Filter>
    </ClCompile>
    <ClCompile Include="Package.cpp">
      <Filter>Source Files</Filter>
    </ClCompile>
    <ClCompile Include="PackageBuilder.cpp">
      <Filter>Source Files</Filter>
    </ClCompile>
    <ClCompile Include="PackagerFilter.cpp">
      <Filter>Source Files</Filter>
    </ClCompile>
    <ClCompile Include="ProjectDoc.cpp">
      <Filter>Source Files</Filter>
    </ClCompile>
    <ClCompile Include="StdAfx.cpp">
      <Filter>Source Files</Filter>
    </ClCompile>
    <ClCompile Include="main.cpp">
      <Filter>Source Files</Filter>
    </ClCompile>
    <ClCompile Include="MFCExt\utils_mfc.cpp">
      <Filter>Source Files</Filter>
    </ClCompile>
    <ClCompile Include="MFCExt\DCGFStringTable.cpp">
      <Filter>Source Files</Filter>
    </ClCompile>
    <ClCompile Include="engine_core\wme_ad\AdGame.cpp">
      <Filter>Source Files</Filter>
    </ClCompile>
    <ClCompile Include="engine_core\wme_base\BGame.cpp">
      <Filter>Source Files</Filter>
    </ClCompile>
    <ClCompile Include="engine_core\wme_base\BObject.cpp">
      <Filter>Source Files</Filter>
    </ClCompile>
    <ClCompile Include="engine_core\wme_base\BScriptHolder.cpp">
      <Filter>Source Files</Filter>
    </ClCompile>
    <ClCompile Include="engine_core\wme_base\BScriptable.cpp">
      <Filter>Source Files</Filter>
    </ClCompile>
    <ClCompile Include="engine_core\wme_base\BNamedObject.cpp">
      <Filter>Source Files</Filter>
    </ClCompile>
    <ClCompile Include="engine_core\wme_base\BBase.cpp">
      <Filter>Source Files</Filter>
    </ClCompile>
    <ClCompile Include="engine_core\wme_base\BParser.cpp">
      <Filter>Source Files</Filter>
    </ClCompile>
    <ClCompile Include="engine_core\wme_base\ScEngine.cpp">
      <Filter>Source Files</Filter>
    </ClCompile>
    <ClCompile Include="engine_core\wme_base\ScScript.cpp">
      <Filter>Source Files</Filter>
    </ClCompile>
    <ClCompile Include="engine_core\wme_base\ScStack.cpp">
      <Filter>Source Files</Filter>
    </ClCompile>
    <ClCompile Include="engine_core\wme_base\ScValue.cpp">
      <Filter>Source Files</Filter>
    </ClCompile>
    <ClCompile Include="engine_core\wme_base\BStringUtil.cpp">
      <Filter>Source Files</Filter>
    </ClCompile>
    <ClCompile Include="engine_core\wme_base\utils.cpp">
      <Filter>Source Files</Filter>
    </ClCompile>
  </ItemGroup>
  <ItemGroup>
    <ClInclude Include="EdGame.h">
      <Filter>Header Files</Filter>
    </ClInclude>
    <ClInclude Include="EdSettings.h">
      <Filter>Header Files</Filter>
    </ClInclude>
    <ClInclude Include="FilterCopy.h">
      <Filter>Header Files</Filter>
    </ClInclude>
    <ClInclude Include="FilterExclude.h">
      <Filter>Header Files</Filter>
    </ClInclude>
    <ClInclude Include="FilterScript.h">
      <Filter>Header Files</Filter>
    </ClInclude>
    <ClInclude Include="FilterUncompressed.h">
      <Filter>Header Files</Filter>
    </ClInclude>
    <ClInclude Include="NumEncoder.h">
      <Filter>Header Files</Filter>
    </ClInclude>
    <ClInclude Include="Package.h">
      <Filter>Header Files</Filter>
    </ClInclude>
    <ClInclude Include="PackageBuilder.h">
      <Filter>Header Files</Filter>
    </ClInclude>
    <ClInclude Include="PackagerFilter.h">
      <Filter>Header Files</Filter>
    </ClInclude>
    <ClInclude Include="PagePackage.h">
      <Filter>Header Files</Filter>
    </ClInclude>
    <ClInclude Include="ProjectDoc.h">
      <Filter>Header Files</Filter>
    </ClInclude>
    <ClInclude Include="Resource.h">
      <Filter>Header Files</Filter>
    </ClInclude>
    <ClInclude Include="StdAfx.h">
      <Filter>Header Files</Filter>
    </ClInclude>
    <ClInclude Include="TreeItem.h">
      <Filter>Header Files</Filter>
    </ClInclude>
    <ClInclude Include="UtilIcon.h">
      <Filter>Header Files</Filter>
    </ClInclude>
    <ClInclude Include="engine_core\wme_ad\dcgf_ad.h">
      <Filter>Header Files</Filter>
    </ClInclude>
    <ClInclude Include="engine_core\wme_base\dcgf.h">
      <Filter>Header Files</Filter>
    </ClInclude>
    <ClInclude Include="engine_core\wme_base\BTextUtils.h">
      <Filter>Header Files</Filter>
    </ClInclude>
    <ClInclude Include="engine_core\wme_base\dcpackage.h">
      <Filter>Header Files</Filter>
    </ClInclude>
    <ClInclude Include="engine_core\wme_base\dctypes.h">
      <Filter>Header Files</Filter>
    </ClInclude>
    <ClInclude Include="engine_core\wme_base\resource.h">
      <Filter>Header Files</Filter>
    </ClInclude>
    <ClInclude Include="engine_core\wme_base\utils.h">
      <Filter>Header Files</Filter>
    </ClInclude>
    <ClInclude Include="engine_core\wme_base\coll_templ.h">
      <Filter>Header Files</Filter>
    </ClInclude>
    <ClInclude Include="engine_core\wme_base\PlatformWin.h">
      <Filter>Header Files</Filter>
    </ClInclude>
    <ClInclude Include="MFCExt\utils_mfc.h">
      <Filter>Header Files</Filter>
    </ClInclude>
    <ClInclude Include="MFCExt\dcgfdoc.h">
      <Filter>Header Files</Filter>
    </ClInclude>
    <ClInclude Include="MFCExt\DCGFApp.h">
      <Filter>Header Files</Filter>
    </ClInclude>
    <ClInclude Include="MFCExt\DCGFStringTable.h">
      <Filter>Header Files</Filter>
    </ClInclude>
    <ClInclude Include="MFCExt\dcgfview.h">
      <Filter>Header Files</Filter>
    </ClInclude>
    <ClInclude Include="MFCExt\undostate.h">
      <Filter>Header Files</Filter>
    </ClInclude>
    <ClInclude Include="MFCExt\templatedlg.h">
      <Filter>Header Files</Filter>
    </ClInclude>
  </ItemGroup>
  <ItemGroup>
    <None Include="..\engine_core\wme_base\res\system_font.fnt" />
    <None Include="res\system_font.fnt" />
    <None Include="..\engine_core\wme_base\res\wpt.sprite" />
    <None Include="res\wpt.sprite" />
  </ItemGroup>
</Project>